
Microsoft Visual Studio Solution File, Format Version 12.00
# Visual Studio Version 16
VisualStudioVersion = 16.0.30011.22
MinimumVisualStudioVersion = 10.0.40219.1
Project("{FAE04EC0-301F-11D3-BF4B-00C04F79EFBC}") = "CaritaUAT.UWP", "CaritaUAT\CaritaUAT.UWP\CaritaUAT.UWP.csproj", "{D2E3004D-C9C1-4166-9DDD-7B3F7C3C5296}"
EndProject
Project("{FAE04EC0-301F-11D3-BF4B-00C04F79EFBC}") = "CaritaUAT.Android", "CaritaUAT\CaritaUAT.Android\CaritaUAT.Android.csproj", "{1EB64833-890F-4F53-933A-46FA91FB33EC}"
EndProject
Project("{FAE04EC0-301F-11D3-BF4B-00C04F79EFBC}") = "CaritaUAT.iOS", "CaritaUAT\CaritaUAT.iOS\CaritaUAT.iOS.csproj", "{7048CA0C-7337-4968-B84D-CC998B49D4CE}"
EndProject
Project("{9A19103F-16F7-4668-BE54-9A1E7A4F7556}") = "CaritaUAT", "CaritaUAT\CaritaUAT\CaritaUAT.csproj", "{0FD707B6-8DE8-4CEE-B423-B41541A7949C}"
EndProject
Global
	GlobalSection(SolutionConfigurationPlatforms) = preSolution
		Debug|Any CPU = Debug|Any CPU
		Debug|ARM = Debug|ARM
		Debug|iPhone = Debug|iPhone
		Debug|iPhoneSimulator = Debug|iPhoneSimulator
		Debug|x64 = Debug|x64
		Debug|x86 = Debug|x86
		Release|Any CPU = Release|Any CPU
		Release|ARM = Release|ARM
		Release|iPhone = Release|iPhone
		Release|iPhoneSimulator = Release|iPhoneSimulator
		Release|x64 = Release|x64
		Release|x86 = Release|x86
	EndGlobalSection
	GlobalSection(ProjectConfigurationPlatforms) = postSolution
		{D2E3004D-C9C1-4166-9DDD-7B3F7C3C5296}.Debug|Any CPU.ActiveCfg = Debug|x86
		{D2E3004D-C9C1-4166-9DDD-7B3F7C3C5296}.Debug|Any CPU.Build.0 = Debug|x86
		{D2E3004D-C9C1-4166-9DDD-7B3F7C3C5296}.Debug|Any CPU.Deploy.0 = Debug|x86
		{D2E3004D-C9C1-4166-9DDD-7B3F7C3C5296}.Debug|ARM.ActiveCfg = Debug|ARM
		{D2E3004D-C9C1-4166-9DDD-7B3F7C3C5296}.Debug|ARM.Build.0 = Debug|ARM
		{D2E3004D-C9C1-4166-9DDD-7B3F7C3C5296}.Debug|ARM.Deploy.0 = Debug|ARM
		{D2E3004D-C9C1-4166-9DDD-7B3F7C3C5296}.Debug|iPhone.ActiveCfg = Debug|x86
		{D2E3004D-C9C1-4166-9DDD-7B3F7C3C5296}.Debug|iPhone.Build.0 = Debug|x86
		{D2E3004D-C9C1-4166-9DDD-7B3F7C3C5296}.Debug|iPhone.Deploy.0 = Debug|x86
		{D2E3004D-C9C1-4166-9DDD-7B3F7C3C5296}.Debug|iPhoneSimulator.ActiveCfg = Debug|x86
		{D2E3004D-C9C1-4166-9DDD-7B3F7C3C5296}.Debug|iPhoneSimulator.Build.0 = Debug|x86
		{D2E3004D-C9C1-4166-9DDD-7B3F7C3C5296}.Debug|iPhoneSimulator.Deploy.0 = Debug|x86
		{D2E3004D-C9C1-4166-9DDD-7B3F7C3C5296}.Debug|x64.ActiveCfg = Debug|x64
		{D2E3004D-C9C1-4166-9DDD-7B3F7C3C5296}.Debug|x64.Build.0 = Debug|x64
		{D2E3004D-C9C1-4166-9DDD-7B3F7C3C5296}.Debug|x64.Deploy.0 = Debug|x64
		{D2E3004D-C9C1-4166-9DDD-7B3F7C3C5296}.Debug|x86.ActiveCfg = Debug|x86
		{D2E3004D-C9C1-4166-9DDD-7B3F7C3C5296}.Debug|x86.Build.0 = Debug|x86
		{D2E3004D-C9C1-4166-9DDD-7B3F7C3C5296}.Debug|x86.Deploy.0 = Debug|x86
		{D2E3004D-C9C1-4166-9DDD-7B3F7C3C5296}.Release|Any CPU.ActiveCfg = Release|x86
		{D2E3004D-C9C1-4166-9DDD-7B3F7C3C5296}.Release|Any CPU.Build.0 = Release|x86
		{D2E3004D-C9C1-4166-9DDD-7B3F7C3C5296}.Release|Any CPU.Deploy.0 = Release|x86
		{D2E3004D-C9C1-4166-9DDD-7B3F7C3C5296}.Release|ARM.ActiveCfg = Release|ARM
		{D2E3004D-C9C1-4166-9DDD-7B3F7C3C5296}.Release|ARM.Build.0 = Release|ARM
		{D2E3004D-C9C1-4166-9DDD-7B3F7C3C5296}.Release|ARM.Deploy.0 = Release|ARM
		{D2E3004D-C9C1-4166-9DDD-7B3F7C3C5296}.Release|iPhone.ActiveCfg = Release|x86
		{D2E3004D-C9C1-4166-9DDD-7B3F7C3C5296}.Release|iPhone.Build.0 = Release|x86
		{D2E3004D-C9C1-4166-9DDD-7B3F7C3C5296}.Release|iPhone.Deploy.0 = Release|x86
		{D2E3004D-C9C1-4166-9DDD-7B3F7C3C5296}.Release|iPhoneSimulator.ActiveCfg = Release|x86
		{D2E3004D-C9C1-4166-9DDD-7B3F7C3C5296}.Release|iPhoneSimulator.Build.0 = Release|x86
		{D2E3004D-C9C1-4166-9DDD-7B3F7C3C5296}.Release|iPhoneSimulator.Deploy.0 = Release|x86
		{D2E3004D-C9C1-4166-9DDD-7B3F7C3C5296}.Release|x64.ActiveCfg = Release|x64
		{D2E3004D-C9C1-4166-9DDD-7B3F7C3C5296}.Release|x64.Build.0 = Release|x64
		{D2E3004D-C9C1-4166-9DDD-7B3F7C3C5296}.Release|x64.Deploy.0 = Release|x64
		{D2E3004D-C9C1-4166-9DDD-7B3F7C3C5296}.Release|x86.ActiveCfg = Release|x86
		{D2E3004D-C9C1-4166-9DDD-7B3F7C3C5296}.Release|x86.Build.0 = Release|x86
		{D2E3004D-C9C1-4166-9DDD-7B3F7C3C5296}.Release|x86.Deploy.0 = Release|x86
		{1EB64833-890F-4F53-933A-46FA91FB33EC}.Debug|Any CPU.ActiveCfg = Debug|Any CPU
		{1EB64833-890F-4F53-933A-46FA91FB33EC}.Debug|Any CPU.Build.0 = Debug|Any CPU
		{1EB64833-890F-4F53-933A-46FA91FB33EC}.Debug|Any CPU.Deploy.0 = Debug|Any CPU
		{1EB64833-890F-4F53-933A-46FA91FB33EC}.Debug|ARM.ActiveCfg = Debug|Any CPU
		{1EB64833-890F-4F53-933A-46FA91FB33EC}.Debug|ARM.Build.0 = Debug|Any CPU
		{1EB64833-890F-4F53-933A-46FA91FB33EC}.Debug|ARM.Deploy.0 = Debug|Any CPU
		{1EB64833-890F-4F53-933A-46FA91FB33EC}.Debug|iPhone.ActiveCfg = Debug|Any CPU
		{1EB64833-890F-4F53-933A-46FA91FB33EC}.Debug|iPhone.Build.0 = Debug|Any CPU
		{1EB64833-890F-4F53-933A-46FA91FB33EC}.Debug|iPhone.Deploy.0 = Debug|Any CPU
		{1EB64833-890F-4F53-933A-46FA91FB33EC}.Debug|iPhoneSimulator.ActiveCfg = Debug|Any CPU
		{1EB64833-890F-4F53-933A-46FA91FB33EC}.Debug|iPhoneSimulator.Build.0 = Debug|Any CPU
		{1EB64833-890F-4F53-933A-46FA91FB33EC}.Debug|iPhoneSimulator.Deploy.0 = Debug|Any CPU
		{1EB64833-890F-4F53-933A-46FA91FB33EC}.Debug|x64.ActiveCfg = Debug|Any CPU
		{1EB64833-890F-4F53-933A-46FA91FB33EC}.Debug|x64.Build.0 = Debug|Any CPU
		{1EB64833-890F-4F53-933A-46FA91FB33EC}.Debug|x64.Deploy.0 = Debug|Any CPU
		{1EB64833-890F-4F53-933A-46FA91FB33EC}.Debug|x86.ActiveCfg = Debug|Any CPU
		{1EB64833-890F-4F53-933A-46FA91FB33EC}.Debug|x86.Build.0 = Debug|Any CPU
		{1EB64833-890F-4F53-933A-46FA91FB33EC}.Debug|x86.Deploy.0 = Debug|Any CPU
		{1EB64833-890F-4F53-933A-46FA91FB33EC}.Release|Any CPU.ActiveCfg = Release|Any CPU
		{1EB64833-890F-4F53-933A-46FA91FB33EC}.Release|Any CPU.Build.0 = Release|Any CPU
		{1EB64833-890F-4F53-933A-46FA91FB33EC}.Release|Any CPU.Deploy.0 = Release|Any CPU
		{1EB64833-890F-4F53-933A-46FA91FB33EC}.Release|ARM.ActiveCfg = Release|Any CPU
		{1EB64833-890F-4F53-933A-46FA91FB33EC}.Release|ARM.Build.0 = Release|Any CPU
		{1EB64833-890F-4F53-933A-46FA91FB33EC}.Release|ARM.Deploy.0 = Release|Any CPU
		{1EB64833-890F-4F53-933A-46FA91FB33EC}.Release|iPhone.ActiveCfg = Release|Any CPU
		{1EB64833-890F-4F53-933A-46FA91FB33EC}.Release|iPhone.Build.0 = Release|Any CPU
		{1EB64833-890F-4F53-933A-46FA91FB33EC}.Release|iPhone.Deploy.0 = Release|Any CPU
		{1EB64833-890F-4F53-933A-46FA91FB33EC}.Release|iPhoneSimulator.ActiveCfg = Release|Any CPU
		{1EB64833-890F-4F53-933A-46FA91FB33EC}.Release|iPhoneSimulator.Build.0 = Release|Any CPU
		{1EB64833-890F-4F53-933A-46FA91FB33EC}.Release|iPhoneSimulator.Deploy.0 = Release|Any CPU
		{1EB64833-890F-4F53-933A-46FA91FB33EC}.Release|x64.ActiveCfg = Release|Any CPU
		{1EB64833-890F-4F53-933A-46FA91FB33EC}.Release|x64.Build.0 = Release|Any CPU
		{1EB64833-890F-4F53-933A-46FA91FB33EC}.Release|x64.Deploy.0 = Release|Any CPU
		{1EB64833-890F-4F53-933A-46FA91FB33EC}.Release|x86.ActiveCfg = Release|Any CPU
		{1EB64833-890F-4F53-933A-46FA91FB33EC}.Release|x86.Build.0 = Release|Any CPU
		{1EB64833-890F-4F53-933A-46FA91FB33EC}.Release|x86.Deploy.0 = Release|Any CPU
		{7048CA0C-7337-4968-B84D-CC998B49D4CE}.Debug|Any CPU.ActiveCfg = Debug|iPhone
		{7048CA0C-7337-4968-B84D-CC998B49D4CE}.Debug|Any CPU.Build.0 = Debug|iPhone
		{7048CA0C-7337-4968-B84D-CC998B49D4CE}.Debug|Any CPU.Deploy.0 = Debug|iPhone
		{7048CA0C-7337-4968-B84D-CC998B49D4CE}.Debug|ARM.ActiveCfg = Debug|iPhone
		{7048CA0C-7337-4968-B84D-CC998B49D4CE}.Debug|ARM.Build.0 = Debug|iPhone
		{7048CA0C-7337-4968-B84D-CC998B49D4CE}.Debug|ARM.Deploy.0 = Debug|iPhone
		{7048CA0C-7337-4968-B84D-CC998B49D4CE}.Debug|iPhone.ActiveCfg = Debug|iPhone
		{7048CA0C-7337-4968-B84D-CC998B49D4CE}.Debug|iPhone.Build.0 = Debug|iPhone
		{7048CA0C-7337-4968-B84D-CC998B49D4CE}.Debug|iPhone.Deploy.0 = Debug|iPhone
		{7048CA0C-7337-4968-B84D-CC998B49D4CE}.Debug|iPhoneSimulator.ActiveCfg = Debug|iPhoneSimulator
		{7048CA0C-7337-4968-B84D-CC998B49D4CE}.Debug|iPhoneSimulator.Build.0 = Debug|iPhoneSimulator
		{7048CA0C-7337-4968-B84D-CC998B49D4CE}.Debug|iPhoneSimulator.Deploy.0 = Debug|iPhoneSimulator
		{7048CA0C-7337-4968-B84D-CC998B49D4CE}.Debug|x64.ActiveCfg = Debug|iPhone
		{7048CA0C-7337-4968-B84D-CC998B49D4CE}.Debug|x64.Build.0 = Debug|iPhone
		{7048CA0C-7337-4968-B84D-CC998B49D4CE}.Debug|x64.Deploy.0 = Debug|iPhone
		{7048CA0C-7337-4968-B84D-CC998B49D4CE}.Debug|x86.ActiveCfg = Debug|iPhone
		{7048CA0C-7337-4968-B84D-CC998B49D4CE}.Debug|x86.Build.0 = Debug|iPhone
		{7048CA0C-7337-4968-B84D-CC998B49D4CE}.Debug|x86.Deploy.0 = Debug|iPhone
		{7048CA0C-7337-4968-B84D-CC998B49D4CE}.Release|Any CPU.ActiveCfg = Release|iPhone
		{7048CA0C-7337-4968-B84D-CC998B49D4CE}.Release|Any CPU.Build.0 = Release|iPhone
		{7048CA0C-7337-4968-B84D-CC998B49D4CE}.Release|Any CPU.Deploy.0 = Release|iPhone
		{7048CA0C-7337-4968-B84D-CC998B49D4CE}.Release|ARM.ActiveCfg = Release|iPhone
		{7048CA0C-7337-4968-B84D-CC998B49D4CE}.Release|ARM.Build.0 = Release|iPhone
		{7048CA0C-7337-4968-B84D-CC998B49D4CE}.Release|ARM.Deploy.0 = Release|iPhone
		{7048CA0C-7337-4968-B84D-CC998B49D4CE}.Release|iPhone.ActiveCfg = Release|iPhone
		{7048CA0C-7337-4968-B84D-CC998B49D4CE}.Release|iPhone.Build.0 = Release|iPhone
		{7048CA0C-7337-4968-B84D-CC998B49D4CE}.Release|iPhone.Deploy.0 = Release|iPhone
		{7048CA0C-7337-4968-B84D-CC998B49D4CE}.Release|iPhoneSimulator.ActiveCfg = Release|iPhoneSimulator
		{7048CA0C-7337-4968-B84D-CC998B49D4CE}.Release|iPhoneSimulator.Build.0 = Release|iPhoneSimulator
		{7048CA0C-7337-4968-B84D-CC998B49D4CE}.Release|iPhoneSimulator.Deploy.0 = Release|iPhoneSimulator
		{7048CA0C-7337-4968-B84D-CC998B49D4CE}.Release|x64.ActiveCfg = Release|iPhone
		{7048CA0C-7337-4968-B84D-CC998B49D4CE}.Release|x64.Build.0 = Release|iPhone
		{7048CA0C-7337-4968-B84D-CC998B49D4CE}.Release|x64.Deploy.0 = Release|iPhone
		{7048CA0C-7337-4968-B84D-CC998B49D4CE}.Release|x86.ActiveCfg = Release|iPhone
		{7048CA0C-7337-4968-B84D-CC998B49D4CE}.Release|x86.Build.0 = Release|iPhone
		{7048CA0C-7337-4968-B84D-CC998B49D4CE}.Release|x86.Deploy.0 = Release|iPhone
		{0FD707B6-8DE8-4CEE-B423-B41541A7949C}.Debug|Any CPU.ActiveCfg = Debug|Any CPU
		{0FD707B6-8DE8-4CEE-B423-B41541A7949C}.Debug|Any CPU.Build.0 = Debug|Any CPU
		{0FD707B6-8DE8-4CEE-B423-B41541A7949C}.Debug|Any CPU.Deploy.0 = Debug|Any CPU
		{0FD707B6-8DE8-4CEE-B423-B41541A7949C}.Debug|ARM.ActiveCfg = Debug|Any CPU
		{0FD707B6-8DE8-4CEE-B423-B41541A7949C}.Debug|ARM.Build.0 = Debug|Any CPU
		{0FD707B6-8DE8-4CEE-B423-B41541A7949C}.Debug|ARM.Deploy.0 = Debug|Any CPU
		{0FD707B6-8DE8-4CEE-B423-B41541A7949C}.Debug|iPhone.ActiveCfg = Debug|Any CPU
		{0FD707B6-8DE8-4CEE-B423-B41541A7949C}.Debug|iPhone.Build.0 = Debug|Any CPU
		{0FD707B6-8DE8-4CEE-B423-B41541A7949C}.Debug|iPhone.Deploy.0 = Debug|Any CPU
		{0FD707B6-8DE8-4CEE-B423-B41541A7949C}.Debug|iPhoneSimulator.ActiveCfg = Debug|Any CPU
		{0FD707B6-8DE8-4CEE-B423-B41541A7949C}.Debug|iPhoneSimulator.Build.0 = Debug|Any CPU
		{0FD707B6-8DE8-4CEE-B423-B41541A7949C}.Debug|iPhoneSimulator.Deploy.0 = Debug|Any CPU
		{0FD707B6-8DE8-4CEE-B423-B41541A7949C}.Debug|x64.ActiveCfg = Debug|Any CPU
		{0FD707B6-8DE8-4CEE-B423-B41541A7949C}.Debug|x64.Build.0 = Debug|Any CPU
		{0FD707B6-8DE8-4CEE-B423-B41541A7949C}.Debug|x64.Deploy.0 = Debug|Any CPU
		{0FD707B6-8DE8-4CEE-B423-B41541A7949C}.Debug|x86.ActiveCfg = Debug|Any CPU
		{0FD707B6-8DE8-4CEE-B423-B41541A7949C}.Debug|x86.Build.0 = Debug|Any CPU
		{0FD707B6-8DE8-4CEE-B423-B41541A7949C}.Debug|x86.Deploy.0 = Debug|Any CPU
		{0FD707B6-8DE8-4CEE-B423-B41541A7949C}.Release|Any CPU.ActiveCfg = Release|Any CPU
		{0FD707B6-8DE8-4CEE-B423-B41541A7949C}.Release|Any CPU.Build.0 = Release|Any CPU
		{0FD707B6-8DE8-4CEE-B423-B41541A7949C}.Release|Any CPU.Deploy.0 = Release|Any CPU
		{0FD707B6-8DE8-4CEE-B423-B41541A7949C}.Release|ARM.ActiveCfg = Release|Any CPU
		{0FD707B6-8DE8-4CEE-B423-B41541A7949C}.Release|ARM.Build.0 = Release|Any CPU
		{0FD707B6-8DE8-4CEE-B423-B41541A7949C}.Release|ARM.Deploy.0 = Release|Any CPU
		{0FD707B6-8DE8-4CEE-B423-B41541A7949C}.Release|iPhone.ActiveCfg = Release|Any CPU
		{0FD707B6-8DE8-4CEE-B423-B41541A7949C}.Release|iPhone.Build.0 = Release|Any CPU
		{0FD707B6-8DE8-4CEE-B423-B41541A7949C}.Release|iPhone.Deploy.0 = Release|Any CPU
		{0FD707B6-8DE8-4CEE-B423-B41541A7949C}.Release|iPhoneSimulator.ActiveCfg = Release|Any CPU
		{0FD707B6-8DE8-4CEE-B423-B41541A7949C}.Release|iPhoneSimulator.Build.0 = Release|Any CPU
		{0FD707B6-8DE8-4CEE-B423-B41541A7949C}.Release|iPhoneSimulator.Deploy.0 = Release|Any CPU
		{0FD707B6-8DE8-4CEE-B423-B41541A7949C}.Release|x64.ActiveCfg = Release|Any CPU
		{0FD707B6-8DE8-4CEE-B423-B41541A7949C}.Release|x64.Build.0 = Release|Any CPU
		{0FD707B6-8DE8-4CEE-B423-B41541A7949C}.Release|x64.Deploy.0 = Release|Any CPU
		{0FD707B6-8DE8-4CEE-B423-B41541A7949C}.Release|x86.ActiveCfg = Release|Any CPU
		{0FD707B6-8DE8-4CEE-B423-B41541A7949C}.Release|x86.Build.0 = Release|Any CPU
		{0FD707B6-8DE8-4CEE-B423-B41541A7949C}.Release|x86.Deploy.0 = Release|Any CPU
	EndGlobalSection
	GlobalSection(SolutionProperties) = preSolution
		HideSolutionNode = FALSE
	EndGlobalSection
	GlobalSection(ExtensibilityGlobals) = postSolution
		SolutionGuid = {DC725F03-8A72-426F-A44F-7109CB20AB72}
	EndGlobalSection
EndGlobal
